{
    "_meta": {
        "hash": {
            "sha256": "e528c9d5730a4d115588a489483900b5320a5ca8507fea7b5ecafe92bd85f7e9"
        },
        "pipfile-spec": 6,
        "requires": {
            "python_version": "3.10"
        },
        "sources": [
            {
                "name": "pypi",
                "url": "https://pypi.org/simple",
                "verify_ssl": true
            }
        ]
    },
    "default": {
        "async-timeout": {
            "hashes": [
                "sha256:39e3809566ff85354557ec2398b55e096c8364bacac9405a7a1fa429e77fe76c",
                "sha256:d9321a7a3d5a6a5e187e824d2fa0793ce379a202935782d555d6e9d2735677d3"
            ],
            "markers": "python_version >= '3.8'",
            "version": "==5.0.1"
        },
        "asyncpg": {
            "hashes": [
                "sha256:04ff0785ae7eed6cc138e73fc67b8e51d54ee7a3ce9b63666ce55a0bf095f7ba",
                "sha256:05b185ebb8083c8568ea8a40e896d5f7af4b8554b64d7719c0eaa1eb5a5c3a70",
                "sha256:0b448f0150e1c3b96cb0438a0d0aa4871f1472e58de14a3ec320dbb2798fb0d4",
                "sha256:0f5712350388d0cd0615caec629ad53c81e506b1abaaf8d14c93f54b35e3595a",
                "sha256:1292b84ee06ac8a2ad8e51c7475aa309245874b61333d97411aab835c4a2f737",
                "sha256:1b11a555a198b08f5c4baa8f8231c74a366d190755aa4f99aacec5970afe929a",
                "sha256:1b982daf2441a0ed314bd10817f1606f1c28b1136abd9e4f11335358c2c631cb",
                "sha256:1c06a3a50d014b303e5f6fc1e5f95eb28d2cee89cf58384b700da621e5d5e547",
                "sha256:1c198a00cce9506fcd0bf219a799f38ac7a237745e1d27f0e1f66d3707c84a5a",
                "sha256:26683d3b9a62836fad771a18ecf4659a30f348a561279d6227dab96182f46144",
                "sha256:29ff1fc8b5bf724273782ff8b4f57b0f8220a1b2324184846b39d1ab4122031d",
                "sha256:3152fef2e265c9c24eec4ee3d22b4f4d2703d30614b0b6753e9ed4115c8a146f",
                "sha256:3326e6d7381799e9735ca2ec9fd7be4d5fef5dcbc3cb555d8a463d8460607956",
                "sha256:3356637f0bd830407b5597317b3cb3571387ae52ddc3bca6233682be88bbbc1f",
                "sha256:393af4e3214c8fa4c7b86da6364384c0d1b3298d45803375572f415b6f673f38",
                "sha256:46973045b567972128a27d40001124fbc821c87a6cade040cfcd4fa8a30bcdc4",
                "sha256:51da377487e249e35bd0859661f6ee2b81db11ad1f4fc036194bc9cb2ead5056",
                "sha256:574156480df14f64c2d76450a3f3aaaf26105869cad3865041156b38459e935d",
                "sha256:578445f09f45d1ad7abddbff2a3c7f7c291738fdae0abffbeb737d3fc3ab8b75",
                "sha256:5b290f4726a887f75dcd1b3006f484252db37602313f806e9ffc4e5996cfe5cb",
                "sha256:5df69d55add4efcd25ea2a3b02025b669a285b767bfbf06e356d68dbce4234ff",
                "sha256:5e0511ad3dec5f6b4f7a9e063591d407eee66b88c14e2ea636f187da1dcfff6a",
                "sha256:64e899bce0600871b55368b8483e5e3e7f1860c9482e7f12e0a771e747988168",
                "sha256:68d71a1be3d83d0570049cd1654a9bdfe506e794ecc98ad0873304a9f35e411e",
                "sha256:6c2a2ef565400234a633da0eafdce27e843836256d40705d83ab7ec42074efb3",
                "sha256:6f4e83f067b35ab5e6371f8a4c93296e0439857b4569850b178a01385e82e9ad",
                "sha256:8b684a3c858a83cd876f05958823b68e8d14ec01bb0c0d14a6704c5bf9711773",
                "sha256:9110df111cabc2ed81aad2f35394a00cadf4f2e0635603db6ebbd0fc896f46a4",
                "sha256:915aeb9f79316b43c3207363af12d0e6fd10776641a7de8a01212afd95bdf0ed",
                "sha256:9a0292c6af5c500523949155ec17b7fe01a00ace33b68a476d6b5059f9630305",
                "sha256:9b6fde867a74e8c76c71e2f64f80c64c0f3163e687f1763cfaf21633ec24ec33",
                "sha256:a3479a0d9a852c7c84e822c073622baca862d1217b10a02dd57ee4a7a081f708",
                "sha256:aa403147d3e07a267ada2ae34dfc9324e67ccc4cdca35261c8c22792ba2b10cf",
                "sha256:aca1548e43bbb9f0f627a04666fedaca23db0a31a84136ad1f868cb15deb6e3a",
                "sha256:ae374585f51c2b444510cdf3595b97ece4f233fde739aa14b50e0d64e8a7a590",
                "sha256:bc6d84136f9c4d24d358f3b02be4b6ba358abd09f80737d1ac7c444f36108454",
                "sha256:bfb4dd5ae0699bad2b233672c8fc5ccbd9ad24b89afded02341786887e37927e",
                "sha256:c42f6bb65a277ce4d93f3fba46b91a265631c8df7250592dd4f11f8b0152150f",
                "sha256:c47806b1a8cbb0a0db896f4cd34d89942effe353a5035c62734ab13b9f938da3",
                "sha256:c551e9928ab6707602f44811817f82ba3c446e018bfe1d3abecc8ba5f3eac851",
                "sha256:c7255812ac85099a0e1ffb81b10dc477b9973345793776b128a23e60148dd1af",
                "sha256:c902a60b52e506d38d7e80e0dd5399f657220f24635fee368117b8b5fce1142e",
                "sha256:db9891e2d76e6f425746c5d2da01921e9a16b5a71a1c905b13f30e12a257c4af",
                "sha256:dc1f62c792752a49f88b7e6f774c26077091b44caceb1983509edc18a2222ec0",
                "sha256:f23b836dd90bea21104f69547923a02b167d999ce053f3d502081acea2fba15b",
                "sha256:f59b430b8e27557c3fb9869222559f7417ced18688375825f8f12302c34e915e",
                "sha256:f86b0e2cd3f1249d6fe6fd6cfe0cd4538ba994e2d8249c0491925629b9104d0f",
                "sha256:fb622c94db4e13137c4c7f98834185049cc50ee01d8f657ef898b6407c7b9c50",
                "sha256:fd4406d09208d5b4a14db9a9dbb311b6d7aeeab57bded7ed2f8ea41aeef39b34"
            ],
            "index": "pypi",
            "markers": "python_full_version >= '3.8.0'",
            "version": "==0.30.0"
        },
        "click": {
            "hashes": [
                "sha256:27c491cc05d968d271d5a1db13e3b5a184636d9d930f148c50b038f0d0646202",
                "sha256:61a3265b914e850b85317d0b3109c7f8cd35a670f963866005d6ef1d5175a12b"
            ],
            "markers": "python_version >= '3.10'",
            "version": "==8.2.1"
        },
        "colorama": {
            "hashes": [
                "sha256:08695f5cb7ed6e0531a20572697297273c47b8cae5a63ffc6d6ed5c201be6e44",
                "sha256:4f1d9991f5acc0ca119f9d443620b77f9d6b33703e51011c16baf57afb285fc6"
            ],
            "markers": "python_version >= '2.7' and python_version not in '3.0, 3.1, 3.2, 3.3, 3.4, 3.5, 3.6'",
            "version": "==0.4.6"
        },
        "greenlet": {
            "hashes": [
                "sha256:00cd814b8959b95a546e47e8d589610534cfb71f19802ea8a2ad99d95d702057",
                "sha256:02a98600899ca1ca5d3a2590974c9e3ec259503b2d6ba6527605fcd74e08e207",
                "sha256:02f5972ff02c9cf615357c17ab713737cccfd0eaf69b951084a9fd43f39833d3",
                "sha256:055916fafad3e3388d27dd68517478933a97edc2fc54ae79d3bec827de2c64c4",
                "sha256:0a16fb934fcabfdfacf21d79e6fed81809d8cd97bc1be9d9c89f0e4567143d7b",
                "sha256:1592a615b598643dbfd566bac8467f06c8c8ab6e56f069e573832ed1d5d528cc",
                "sha256:1919cbdc1c53ef739c94cf2985056bcc0838c1f217b57647cbf4578576c63825",
                "sha256:1e4747712c4365ef6765708f948acc9c10350719ca0545e362c24ab973017370",
                "sha256:1e76106b6fc55fa3d6fe1c527f95ee65e324a13b62e243f77b48317346559708",
                "sha256:1f72667cc341c95184f1c68f957cb2d4fc31eef81646e8e59358a10ce6689457",
                "sha256:2593283bf81ca37d27d110956b79e8723f9aa50c4bcdc29d3c0543d4743d2763",
                "sha256:2dc5c43bb65ec3669452af0ab10729e8fdc17f87a1f2ad7ec65d4aaaefabf6bf",
                "sha256:3091bc45e6b0c73f225374fefa1536cd91b1e987377b12ef5b19129b07d93ebe",
                "sha256:354f67445f5bed6604e493a06a9a49ad65675d3d03477d38a4db4a427e9aad0e",
                "sha256:3885f85b61798f4192d544aac7b25a04ece5fe2704670b4ab73c2d2c14ab740d",
                "sha256:3ab7194ee290302ca15449f601036007873028712e92ca15fc76597a0aeb4c59",
                "sha256:3aeca9848d08ce5eb653cf16e15bb25beeab36e53eb71cc32569f5f3afb2a3aa",
                "sha256:44671c29da26539a5f142257eaba5110f71887c24d40df3ac87f1117df589e0e",
                "sha256:45f9f4853fb4cc46783085261c9ec4706628f3b57de3e68bae03e8f8b3c0de51",
                "sha256:4bd139e4943547ce3a56ef4b8b1b9479f9e40bb47e72cc906f0f66b9d0d5cab3",
                "sha256:4fefc7aa68b34b9224490dfda2e70ccf2131368493add64b4ef2d372955c207e",
                "sha256:6629311595e3fe7304039c67f00d145cd1d38cf723bb5b99cc987b23c1433d61",
                "sha256:6fadd183186db360b61cb34e81117a096bff91c072929cd1b529eb20dd46e6c5",
                "sha256:71566302219b17ca354eb274dfd29b8da3c268e41b646f330e324e3967546a74",
                "sha256:7409796591d879425997a518138889d8d17e63ada7c99edc0d7a1c22007d4907",
                "sha256:752f0e79785e11180ebd2e726c8a88109ded3e2301d40abced2543aa5d164275",
                "sha256:7791dcb496ec53d60c7f1c78eaa156c21f402dda38542a00afc3e20cae0f480f",
                "sha256:782743700ab75716650b5238a4759f840bb2dcf7bff56917e9ffdf9f1f23ec59",
                "sha256:7c9896249fbef2c615853b890ee854f22c671560226c9221cfd27c995db97e5c",
                "sha256:85f3e248507125bf4af607a26fd6cb8578776197bd4b66e35229cdf5acf1dfbf",
                "sha256:89c69e9a10670eb7a66b8cef6354c24671ba241f46152dd3eed447f79c29fb5b",
                "sha256:8cb8553ee954536500d88a1a2f58fcb867e45125e600e80f586ade399b3f8819",
                "sha256:9ae572c996ae4b5e122331e12bbb971ea49c08cc7c232d1bd43150800a2d6c65",
                "sha256:9c7b15fb9b88d9ee07e076f5a683027bc3befd5bb5d25954bb633c385d8b737e",
                "sha256:9ea5231428af34226c05f927e16fc7f6fa5e39e3ad3cd24ffa48ba53a47f4240",
                "sha256:a31ead8411a027c2c4759113cf2bd473690517494f3d6e4bf67064589afcd3c5",
                "sha256:a8fa80665b1a29faf76800173ff5325095f3e66a78e62999929809907aca5659",
                "sha256:ad053d34421a2debba45aa3cc39acf454acbcd025b3fc1a9f8a0dee237abd485",
                "sha256:b24c7844c0a0afc3ccbeb0b807adeefb7eff2b5599229ecedddcfeb0ef333bec",
                "sha256:b50a8c5c162469c3209e5ec92ee4f95c8231b11db6a04db09bbe338176723bb8",
                "sha256:ba30e88607fb6990544d84caf3c706c4b48f629e18853fc6a646f82db9629418",
                "sha256:bf3fc9145141250907730886b031681dfcc0de1c158f3cc51c092223c0f381ce",
                "sha256:c23ea227847c9dbe0b3910f5c0dd95658b607137614eb821e6cbaecd60d81cc6",
                "sha256:c3cc1a3ed00ecfea8932477f729a9f616ad7347a5e55d50929efa50a86cb7be7",
                "sha256:c49e9f7c6f625507ed83a7485366b46cbe325717c60837f7244fc99ba16ba9d6",
                "sha256:d0cb7d47199001de7658c213419358aa8937df767936506db0db7ce1a71f4a2f",
                "sha256:d8009ae46259e31bc73dc183e402f548e980c96f33a6ef58cc2e7865db012e13",
                "sha256:da956d534a6d1b9841f95ad0f18ace637668f680b1339ca4dcfb2c1837880a0b",
                "sha256:dcb9cebbf3f62cb1e5afacae90761ccce0effb3adaa32339a0670fe7805d8068",
                "sha256:decb0658ec19e5c1f519faa9a160c0fc85a41a7e6654b3ce1b44b939f8bf1325",
                "sha256:df4d1509efd4977e6a844ac96d8be0b9e5aa5d5c77aa27ca9f4d3f92d3fcf330",
                "sha256:eeb27bece45c0c2a5842ac4c5a1b5c2ceaefe5711078eed4e8043159fa05c834",
                "sha256:efcdfb9df109e8a3b475c016f60438fcd4be68cd13a365d42b35914cdab4bb2b",
                "sha256:fd9fb7c941280e2c837b603850efc93c999ae58aae2b40765ed682a6907ebbc5",
                "sha256:fe46d4f8e94e637634d54477b0cfabcf93c53f29eedcbdeecaf2af32029b4421"
            ],
            "markers": "python_version >= '3.9'",
            "version": "==3.2.2"
        },
        "grpcio": {
            "hashes": [
                "sha256:0ab8b2864396663a5b0b0d6d79495657ae85fa37dcb6498a2669d067c65c11ea",
                "sha256:0fa05ee31a20456b13ae49ad2e5d585265f71dd19fbd9ef983c28f926d45d0a7",
                "sha256:0ff35c8d807c1c7531d3002be03221ff9ae15712b53ab46e2a0b4bb271f38537",
                "sha256:1be857615e26a86d7363e8a163fade914595c81fec962b3d514a4b1e8760467b",
                "sha256:20e8f653abd5ec606be69540f57289274c9ca503ed38388481e98fa396ed0b41",
                "sha256:22c3bc8d488c039a199f7a003a38cb7635db6656fa96437a8accde8322ce2366",
                "sha256:24e867651fc67717b6f896d5f0cac0ec863a8b5fb7d6441c2ab428f52c651c6b",
                "sha256:2b85f7820475ad3edec209d3d89a7909ada16caab05d3f2e08a7e8ae3200a55c",
                "sha256:39983a9245d37394fd59de71e88c4b295eb510a3555e0a847d9965088cdbd033",
                "sha256:3d081e859fb1ebe176de33fc3adb26c7d46b8812f906042705346b314bde32c3",
                "sha256:469f42a0b410883185eab4689060a20488a1a0a00f8bbb3cbc1061197b4c5a79",
                "sha256:47be9584729534660416f6d2a3108aaeac1122f6b5bdbf9fd823e11fe6fbaa29",
                "sha256:4be74ddeeb92cc87190e0e376dbc8fc7736dbb6d3d454f2fa1f5be1dee26b9d7",
                "sha256:4dd0dfbe4d5eb1fcfec9490ca13f82b089a309dc3678e2edabc144051270a66e",
                "sha256:5b08d03ace7aca7b2fadd4baf291139b4a5f058805a8327bfe9aece7253b6d67",
                "sha256:63e41b91032f298b3e973b3fa4093cbbc620c875e2da7b93e249d4728b54559a",
                "sha256:652350609332de6dac4ece254e5d7e1ff834e203d6afb769601f286886f6f3a8",
                "sha256:693bc706c031aeb848849b9d1c6b63ae6bcc64057984bb91a542332b75aa4c3d",
                "sha256:74258dce215cb1995083daa17b379a1a5a87d275387b7ffe137f1d5131e2cfbb",
                "sha256:789d5e2a3a15419374b7b45cd680b1e83bbc1e52b9086e49308e2c0b5bbae6e3",
                "sha256:7c9c80ac6091c916db81131d50926a93ab162a7e97e4428ffc186b6e80d6dda4",
                "sha256:7d6ac9481d9d0d129224f6d5934d5832c4b1cddb96b59e7eba8416868909786a",
                "sha256:85da336e3649a3d2171e82f696b5cad2c6231fdd5bad52616476235681bee5b3",
                "sha256:8700a2a57771cc43ea295296330daaddc0d93c088f0a35cc969292b6db959bf3",
                "sha256:8997d6785e93308f277884ee6899ba63baafa0dfb4729748200fcc537858a509",
                "sha256:9182e0063112e55e74ee7584769ec5a0b4f18252c35787f48738627e23a62b97",
                "sha256:9b91879d6da1605811ebc60d21ab6a7e4bae6c35f6b63a061d61eb818c8168f6",
                "sha256:a2242d6950dc892afdf9e951ed7ff89473aaf744b7d5727ad56bdaace363722b",
                "sha256:a371e6b6a5379d3692cc4ea1cb92754d2a47bdddeee755d3203d1f84ae08e03e",
                "sha256:a76d39b5fafd79ed604c4be0a869ec3581a172a707e2a8d7a4858cb05a5a7637",
                "sha256:ad9f30838550695b5eb302add33f21f7301b882937460dd24f24b3cc5a95067a",
                "sha256:b2266862c5ad664a380fbbcdbdb8289d71464c42a8c29053820ee78ba0119e5d",
                "sha256:b78a99cd1ece4be92ab7c07765a0b038194ded2e0a26fd654591ee136088d8d7",
                "sha256:c200cb6f2393468142eb50ab19613229dcc7829b5ccee8b658a36005f6669fdd",
                "sha256:c30f393f9d5ff00a71bb56de4aa75b8fe91b161aeb61d39528db6b768d7eac69",
                "sha256:c6a0a28450c16809f94e0b5bfe52cabff63e7e4b97b44123ebf77f448534d07d",
                "sha256:cebc1b34ba40a312ab480ccdb396ff3c529377a2fce72c45a741f7215bfe8379",
                "sha256:d2c170247315f2d7e5798a22358e982ad6eeb68fa20cf7a820bb74c11f0736e7",
                "sha256:d35a95f05a8a2cbe8e02be137740138b3b2ea5f80bd004444e4f9a1ffc511e32",
                "sha256:d5170929109450a2c031cfe87d6716f2fae39695ad5335d9106ae88cc32dc84c",
                "sha256:d6aa986318c36508dc1d5001a3ff169a15b99b9f96ef5e98e13522c506b37eef",
                "sha256:d6de81c9c00c8a23047136b11794b3584cdc1460ed7cbc10eada50614baa1444",
                "sha256:dc1a1231ed23caac1de9f943d031f1bc38d0f69d2a3b243ea0d664fc1fbd7fec",
                "sha256:e6beeea5566092c5e3c4896c6d1d307fb46b1d4bdf3e70c8340b190a69198594",
                "sha256:e6d8de076528f7c43a2f576bc311799f89d795aa6c9b637377cc2b1616473804",
                "sha256:e6f83a583ed0a5b08c5bc7a3fe860bb3c2eac1f03f1f63e0bc2091325605d2b7",
                "sha256:f250ff44843d9a0615e350c77f890082102a0318d66a99540f54769c8766ab73",
                "sha256:f71574afdf944e6652203cd1badcda195b2a27d9c83e6d88dc1ce3cfb73b31a5",
                "sha256:f903017db76bf9cc2b2d8bdd37bf04b505bbccad6be8a81e1542206875d0e9db",
                "sha256:f9a412f55bb6e8f3bb000e020dbc1e709627dcb3a56f6431fa7076b4c1aab0db",
                "sha256:f9c30c464cb2ddfbc2ddf9400287701270fdc0f14be5f08a1e3939f1e749b455"
            ],
            "index": "pypi",
            "markers": "python_version >= '3.9'",
            "version": "==1.71.0"
        },
        "grpcio-tools": {
            "hashes": [
                "sha256:072b2a5805ac97e4623b3aa8f7818275f3fb087f4aa131b0fce00471065f6eaa",
                "sha256:0ccfb837152b7b858b9f26bb110b3ae8c46675d56130f6c2f03605c4f129be13",
                "sha256:0e647794bd7138b8c215e86277a9711a95cf6a03ff6f9e555d54fdf7378b9f9d",
                "sha256:1291a6136c07a86c3bb09f6c33f5cf227cc14956edd1b85cb572327a36e0aef8",
                "sha256:1331e726e08b7bdcbf2075fcf4b47dff07842b04845e6e220a08a4663e232d7f",
                "sha256:145985c0bf12131f0a1503e65763e0f060473f7f3928ed1ff3fb0e8aad5bc8ac",
                "sha256:192808cf553cedca73f0479cc61d5684ad61f24db7a5f3c4dfe1500342425866",
                "sha256:1f19b16b49afa5d21473f49c0966dd430c88d089cd52ac02404d8cef67134efb",
                "sha256:28784f39921d061d2164a9dcda5164a69d07bf29f91f0ea50b505958292312c9",
                "sha256:2a1712f12102b60c8d92779b89d0504e0d6f3a59f2b933e5622b8583f5c02992",
                "sha256:3059c14035e5dc03d462f261e5900b9a077fd1a36976c3865b8507474520bad4",
                "sha256:38dba8e0d5e0fb23a034e09644fdc6ed862be2371887eee54901999e8f6792a8",
                "sha256:41878cb7a75477e62fdd45e7e9155b3af1b7a5332844021e2511deaf99ac9e6c",
                "sha256:459c8f5e00e390aecd5b89de67deb3ec7188a274bc6cb50e43cef35ab3a3f45d",
                "sha256:48debc879570972d28bfe98e4970eff25bb26da3f383e0e49829b2d2cd35ad87",
                "sha256:541a756276c8a55dec991f6c0106ae20c8c8f5ce8d0bdbfcb01e2338d1a8192b",
                "sha256:56ecd6cc89b5e5eed1de5eb9cafce86c9c9043ee3840888cc464d16200290b53",
                "sha256:57e3e2544c306b60ef2d76570bac4e977be1ad548641c9eec130c3bc47e80141",
                "sha256:580ac88141c9815557e63c9c04f5b1cdb19b4db8d0cb792b573354bde1ee8b12",
                "sha256:61c0409d5bdac57a7bd0ce0ab01c1c916728fe4c8a03d77a25135ad481eb505c",
                "sha256:64bdb291df61cf570b5256777ad5fe2b1db6d67bc46e55dc56a0a862722ae329",
                "sha256:65aa082f4435571d65d5ce07fc444f23c3eff4f3e34abef599ef8c9e1f6f360f",
                "sha256:6693a7d3ba138b0e693b3d1f687cdd9db9e68976c3fa2b951c17a072fea8b583",
                "sha256:682e958b476049ccc14c71bedf3f979bced01f6e0c04852efc5887841a32ad6b",
                "sha256:6ae5f2efa9e644c10bf1021600bfc099dfbd8e02b184d2d25dc31fcd6c2bc59e",
                "sha256:6d11ed3ff7b6023b5c72a8654975324bb98c1092426ba5b481af406ff559df00",
                "sha256:753270e2d06d37e6d7af8967d1d059ec635ad215882041a36294f4e2fd502b2e",
                "sha256:77fe6db1334e0ce318b2cb4e70afa94e0c173ed1a533d37aea69ad9f61ae8ea9",
                "sha256:82c430edd939bb863550ee0fecf067d78feff828908a1b529bbe33cc57f2419c",
                "sha256:834959b6eceb85de5217a411aba1643b5f782798680c122202d6a06177226644",
                "sha256:83e90724e3f02415c628e4ead1d6ffe063820aaaa078d9a39176793df958cd5a",
                "sha256:870c0097700d13c403e5517cb7750ab5b4a791ce3e71791c411a38c5468b64bd",
                "sha256:8b93b9f6adc7491d4c10144c0643409db298e5e63c997106a804f6f0248dbaf4",
                "sha256:8dd9795e982d77a4b496f7278b943c2563d9afde2069cdee78c111a40cc4d675",
                "sha256:8e6cdbba4dae7b37b0d25d074614be9936fb720144420f03d9f142a80be69ba2",
                "sha256:8f987d0053351217954543b174b0bddbf51d45b3cfcf8d6de97b0a43d264d753",
                "sha256:989ee9da61098230d3d4c8f8f8e27c2de796f1ff21b1c90110e636d9acd9432b",
                "sha256:9a78d07d6c301a25ef5ede962920a522556a1dfee1ccc05795994ceb867f766c",
                "sha256:abd57f615e88bf93c3c6fd31f923106e3beb12f8cd2df95b0d256fa07a7a0a57",
                "sha256:af39e245fa56f7f5c2fe86b7d6c1b78f395c07e54d5613cbdbb3c24769a92b6e",
                "sha256:bfe3888c3bbe16a5aa39409bc38744a31c0c3d2daa2b0095978c56e106c85b42",
                "sha256:c1b5860c41a36b26fec4f52998f1a451d0525a5c9a4fb06b6ea3e9211abdb925",
                "sha256:d3adc8b229e60c77bab5a5d62b415667133bd5ced7d59b5f71d6317c9143631e",
                "sha256:e3ae9556e2a1cd70e7d7b0e0459c35af71d51a7dae4cf36075068011a69f13ec",
                "sha256:e52a041afc20ab2431d756b6295d727bd7adee813b21b06a3483f4a7a15ea15f",
                "sha256:edab7e6518de01196be37f96cb1e138c3819986bf5e2a6c9e1519b4d716b2f5a",
                "sha256:f360981b215b1d5aff9235b37e7e1826246e35bbac32a53e41d4e990a37b8f4c",
                "sha256:f4ad7f0d756546902597053d70b3af2606fbd70d7972876cd75c1e241d22ae00",
                "sha256:f68334d28a267fabec6e70cb5986e9999cfbfd14db654094ddf9aedd804a293a",
                "sha256:f7c678e68ece0ae908ecae1c4314a0c2c7f83e26e281738b9609860cc2c82d96",
                "sha256:ffff9bc5eacb34dd26b487194f7d44a3e64e752fc2cf049d798021bf25053b87"
            ],
            "index": "pypi",
            "markers": "python_version >= '3.9'",
            "version": "==1.71.0"
        },
        "gunicorn": {
            "hashes": [
                "sha256:ec400d38950de4dfd418cff8328b2c8faed0edb0d517d3394e457c317908ca4d",
                "sha256:f014447a0101dc57e294f6c18ca6b40227a4c90e9bdb586042628030cba004ec"
            ],
            "index": "pypi",
            "markers": "python_version >= '3.7'",
            "version": "==23.0.0"
        },
        "h11": {
            "hashes": [
                "sha256:4e35b956cf45792e4caa5885e69fba00bdbc6ffafbfa020300e549b208ee5ff1",
                "sha256:63cf8bbe7522de3bf65932fda1d9c2772064ffb3dae62d55932da54b31cb6c86"
            ],
            "markers": "python_version >= '3.8'",
            "version": "==0.16.0"
        },
        "packaging": {
            "hashes": [
                "sha256:29572ef2b1f17581046b3a2227d5c611fb25ec70ca1ba8554b24b0e69331a484",
                "sha256:d443872c98d677bf60f6a1f2f8c1cb748e8fe762d2bf9d3148b5599295b0fc4f"
            ],
            "markers": "python_version >= '3.8'",
            "version": "==25.0"
        },
        "protobuf": {
            "hashes": [
                "sha256:3f1c6468a2cfd102ff4703976138844f78ebd1fb45f49011afc5139e9e283079",
                "sha256:3f76e3a3675b4a4d867b52e4a5f5b78a2ef9565549d4037e06cf7b0942b1d3fc",
                "sha256:470f3af547ef17847a28e1f47200a1cbf0ba3ff57b7de50d22776607cd2ea353",
                "sha256:63848923da3325e1bf7e9003d680ce6e14b07e55d0473253a690c3a8b8fd6e61",
                "sha256:6cf42630262c59b2d8de33954443d94b746c952b01434fc58a417fdbd2e84bd5",
                "sha256:6f642dc9a61782fa72b90878af134c5afe1917c89a568cd3476d758d3c3a0736",
                "sha256:7318608d56b6402d2ea7704ff1e1e4597bee46d760e7e4dd42a3d45e24b87f2e",
                "sha256:bc1463bafd4b0929216c35f437a8e28731a2b7fe3d98bb77a600efced5a15c84",
                "sha256:e38c5add5a311f2a6eb0340716ef9b039c1dfa428b28f25a7838ac329204a671",
                "sha256:ef91363ad4faba7b25d844ef1ada59ff1604184c0bcd8b39b8a6bef15e1af238",
                "sha256:fa18533a299d7ab6c55a238bf8629311439995f2e7eca5caaff08663606e9015"
            ],
            "markers": "python_version >= '3.8'",
            "version": "==5.29.5"
        },
        "psycopg2": {
            "hashes": [
                "sha256:0435034157049f6846e95103bd8f5a668788dd913a7c30162ca9503fdf542cb4",
                "sha256:12ec0b40b0273f95296233e8750441339298e6a572f7039da5b260e3c8b60e11",
                "sha256:47c4f9875125344f4c2b870e41b6aad585901318068acd01de93f3677a6522c2",
                "sha256:4a579d6243da40a7b3182e0430493dbd55950c493d8c68f4eec0b302f6bbf20e",
                "sha256:5df2b672140f95adb453af93a7d669d7a7bf0a56bcd26f1502329166f4a61716",
                "sha256:65a63d7ab0e067e2cdb3cf266de39663203d38d6a8ed97f5ca0cb315c73fe067",
                "sha256:88138c8dedcbfa96408023ea2b0c369eda40fe5d75002c0964c78f46f11fa442",
                "sha256:91fd603a2155da8d0cfcdbf8ab24a2d54bca72795b90d2a3ed2b6da8d979dee2",
                "sha256:9d5b3b94b79a844a986d029eee38998232451119ad653aea42bb9220a8c5066b",
                "sha256:c6f7b8561225f9e711a9c47087388a97fdc948211c10a4bccbf0ba68ab7b3b5a"
            ],
            "index": "pypi",
            "markers": "python_version >= '3.8'",
            "version": "==2.9.10"
        },
        "setuptools": {
            "hashes": [
                "sha256:062d34222ad13e0cc312a4c02d73f059e86a4acbfbdea8f8f76b28c99f306922",
                "sha256:f36b47402ecde768dbfafc46e8e4207b4360c654f1f3bb84475f0a28628fb19c"
            ],
            "markers": "python_version >= '3.9'",
            "version": "==80.9.0"
        },
        "sqlalchemy": {
            "hashes": [
                "sha256:023b3ee6169969beea3bb72312e44d8b7c27c75b347942d943cf49397b7edeb5",
                "sha256:03968a349db483936c249f4d9cd14ff2c296adfa1290b660ba6516f973139582",
                "sha256:05132c906066142103b83d9c250b60508af556982a385d96c4eaa9fb9720ac2b",
                "sha256:087b6b52de812741c27231b5a3586384d60c353fbd0e2f81405a814b5591dc8b",
                "sha256:0b3dbf1e7e9bc95f4bac5e2fb6d3fb2f083254c3fdd20a1789af965caf2d2348",
                "sha256:118c16cd3f1b00c76d69343e38602006c9cfb9998fa4f798606d28d63f23beda",
                "sha256:1936af879e3db023601196a1684d28e12f19ccf93af01bf3280a3262c4b6b4e5",
                "sha256:1e3f196a0c59b0cae9a0cd332eb1a4bda4696e863f4f1cf84ab0347992c548c2",
                "sha256:23a8825495d8b195c4aa9ff1c430c28f2c821e8c5e2d98089228af887e5d7e29",
                "sha256:293cd444d82b18da48c9f71cd7005844dbbd06ca19be1ccf6779154439eec0b8",
                "sha256:32f9dc8c44acdee06c8fc6440db9eae8b4af8b01e4b1aee7bdd7241c22edff4f",
                "sha256:34ea30ab3ec98355235972dadc497bb659cc75f8292b760394824fab9cf39826",
                "sha256:3d3549fc3e40667ec7199033a4e40a2f669898a00a7b18a931d3efb4c7900504",
                "sha256:41836fe661cc98abfae476e14ba1906220f92c4e528771a8a3ae6a151242d2ae",
                "sha256:4d44522480e0bf34c3d63167b8cfa7289c1c54264c2950cc5fc26e7850967e45",
                "sha256:4eeb195cdedaf17aab6b247894ff2734dcead6c08f748e617bfe05bd5a218443",
                "sha256:4f67766965996e63bb46cfbf2ce5355fc32d9dd3b8ad7e536a920ff9ee422e23",
                "sha256:57df5dc6fdb5ed1a88a1ed2195fd31927e705cad62dedd86b46972752a80f576",
                "sha256:598d9ebc1e796431bbd068e41e4de4dc34312b7aa3292571bb3674a0cb415dd1",
                "sha256:5b14e97886199c1f52c14629c11d90c11fbb09e9334fa7bb5f6d068d9ced0ce0",
                "sha256:5e22575d169529ac3e0a120cf050ec9daa94b6a9597993d1702884f6954a7d71",
                "sha256:60c578c45c949f909a4026b7807044e7e564adf793537fc762b2489d522f3d11",
                "sha256:6145afea51ff0af7f2564a05fa95eb46f542919e6523729663a5d285ecb3cf5e",
                "sha256:6375cd674fe82d7aa9816d1cb96ec592bac1726c11e0cafbf40eeee9a4516b5f",
                "sha256:6854175807af57bdb6425e47adbce7d20a4d79bbfd6f6d6519cd10bb7109a7f8",
                "sha256:6ab60a5089a8f02009f127806f777fca82581c49e127f08413a66056bd9166dd",
                "sha256:725875a63abf7c399d4548e686debb65cdc2549e1825437096a0af1f7e374814",
                "sha256:7492967c3386df69f80cf67efd665c0f667cee67032090fe01d7d74b0e19bb08",
                "sha256:81965cc20848ab06583506ef54e37cf15c83c7e619df2ad16807c03100745dea",
                "sha256:81c24e0c0fde47a9723c81d5806569cddef103aebbf79dbc9fcbb617153dea30",
                "sha256:81eedafa609917040d39aa9332e25881a8e7a0862495fcdf2023a9667209deda",
                "sha256:81f413674d85cfd0dfcd6512e10e0f33c19c21860342a4890c3a2b59479929f9",
                "sha256:8280856dd7c6a68ab3a164b4a4b1c51f7691f6d04af4d4ca23d6ecf2261b7923",
                "sha256:82ca366a844eb551daff9d2e6e7a9e5e76d2612c8564f58db6c19a726869c1df",
                "sha256:8b4af17bda11e907c51d10686eda89049f9ce5669b08fbe71a29747f1e876036",
                "sha256:90144d3b0c8b139408da50196c5cad2a6909b51b23df1f0538411cd23ffa45d3",
                "sha256:906e6b0d7d452e9a98e5ab8507c0da791856b2380fdee61b765632bb8698026f",
                "sha256:90c11ceb9a1f482c752a71f203a81858625d8df5746d787a4786bca4ffdf71c6",
                "sha256:911cc493ebd60de5f285bcae0491a60b4f2a9f0f5c270edd1c4dbaef7a38fc04",
                "sha256:9a420a91913092d1e20c86a2f5f1fc85c1a8924dbcaf5e0586df8aceb09c9cc2",
                "sha256:9f8c9fdd15a55d9465e590a402f42082705d66b05afc3ffd2d2eb3c6ba919560",
                "sha256:a104c5694dfd2d864a6f91b0956eb5d5883234119cb40010115fd45a16da5e70",
                "sha256:a373a400f3e9bac95ba2a06372c4fd1412a7cee53c37fc6c05f829bf672b8769",
                "sha256:a62448526dd9ed3e3beedc93df9bb6b55a436ed1474db31a2af13b313a70a7e1",
                "sha256:a8808d5cf866c781150d36a3c8eb3adccfa41a8105d031bf27e92c251e3969d6",
                "sha256:b1f09b6821406ea1f94053f346f28f8215e293344209129a9c0fcc3578598d7b",
                "sha256:b2ac41acfc8d965fb0c464eb8f44995770239668956dc4cdf502d1b1ffe0d747",
                "sha256:b46fa6eae1cd1c20e6e6f44e19984d438b6b2d8616d21d783d150df714f44078",
                "sha256:b50eab9994d64f4a823ff99a0ed28a6903224ddbe7fef56a6dd865eec9243440",
                "sha256:bfc9064f6658a3d1cadeaa0ba07570b83ce6801a1314985bf98ec9b95d74e15f",
                "sha256:c0b0e5e1b5d9f3586601048dd68f392dc0cc99a59bb5faf18aab057ce00d00b2",
                "sha256:c153265408d18de4cc5ded1941dcd8315894572cddd3c58df5d5b5705b3fa28d",
                "sha256:d4ae769b9c1c7757e4ccce94b0641bc203bbdf43ba7a2413ab2523d8d047d8dc",
                "sha256:dc56c9788617b8964ad02e8fcfeed4001c1f8ba91a9e1f31483c0dffb207002a",
                "sha256:dd5ec3aa6ae6e4d5b5de9357d2133c07be1aff6405b136dad753a16afb6717dd",
                "sha256:edba70118c4be3c2b1f90754d308d0b79c6fe2c0fdc52d8ddf603916f83f4db9",
                "sha256:ff8e80c4c4932c10493ff97028decfdb622de69cae87e0f127a7ebe32b4069c6"
            ],
            "index": "pypi",
            "markers": "python_version >= '3.7'",
            "version": "==2.0.41"
        },
        "typing-extensions": {
            "hashes": [
                "sha256:a439e7c04b49fec3e5d3e2beaa21755cadbbdc391694e28ccdd36ca4a1408f8c",
                "sha256:e6c81219bd689f51865d9e372991c540bda33a0379d5573cddb9a3a23f7caaef"
            ],
            "markers": "python_version >= '3.8'",
            "version": "==4.13.2"
        },
        "uvicorn": {
            "hashes": [
                "sha256:0e929828f6186353a80b58ea719861d2629d766293b6d19baf086ba31d4f3328",
                "sha256:deb49af569084536d269fe0a6d67e3754f104cf03aba7c11c40f01aadf33c403"
            ],
            "index": "pypi",
            "markers": "python_version >= '3.9'",
            "version": "==0.34.2"
        }
    },
    "develop": {}
}
